{
  "name": "phantauth-doc",
  "version": "1.0.0",
  "lockfileVersion": 1,
  "requires": true,
  "dependencies": {
    "abbrev": {
      "version": "1.1.1",
      "resolved": "https://registry.npmjs.org/abbrev/-/abbrev-1.1.1.tgz",
      "integrity": "sha512-nne9/IiQ/hzIhY6pdDnbBtz7DjPTKrY00P/zvPSm5pOFkl6xuGrGnXn/VtTNNfNtAfZ9/1RtehkszU9qcTii0Q==",
      "dev": true
    },
    "apib-include-directive": {
      "version": "0.1.0",
      "resolved": "https://registry.npmjs.org/apib-include-directive/-/apib-include-directive-0.1.0.tgz",
      "integrity": "sha1-YQg+4aZgwsMo90c/tkMYEqZabLU=",
      "dev": true
    },
    "apib2swagger": {
      "version": "1.9.2",
      "resolved": "https://registry.npmjs.org/apib2swagger/-/apib2swagger-1.9.2.tgz",
      "integrity": "sha512-KSwtK5Io3w8gK8kobBw86KCBkABs2EOcYMtw/cL/SFvlBvI0FVNDJsrA4FgOKf+SKK39gtsQxJ+YSExqkME1nw==",
      "dev": true,
      "requires": {
        "apib-include-directive": "^0.1.0",
        "drafter.js": "^2.6.2",
        "generate-schema": "^2.5.0",
        "js-yaml": "^3.9.1",
        "nopt": "^3.0.6",
        "uritemplate": "^0.3.4"
      }
    },
    "argparse": {
      "version": "1.0.10",
      "resolved": "https://registry.npmjs.org/argparse/-/argparse-1.0.10.tgz",
      "integrity": "sha512-o5Roy6tNG4SL/FOkCAN6RzjiakZS25RLYFrcMttJqbdd8BWrnA+fGz57iN5Pb06pvBGvl5gQ0B48dJlslXvoTg==",
      "dev": true,
      "requires": {
        "sprintf-js": "~1.0.2"
      }
    },
    "commander": {
      "version": "2.20.0",
      "resolved": "https://registry.npmjs.org/commander/-/commander-2.20.0.tgz",
      "integrity": "sha512-7j2y+40w61zy6YC2iRNpUe/NwhNyoXrYpHMrSunaMG64nRnaf96zO/KMQR4OyN/UnE5KLyEBnKHd4aG3rskjpQ==",
      "dev": true
    },
    "drafter.js": {
      "version": "2.6.7",
      "resolved": "https://registry.npmjs.org/drafter.js/-/drafter.js-2.6.7.tgz",
      "integrity": "sha1-WcQ6hYZSc0DLNb3cVBgFWfru8AE=",
      "dev": true
    },
    "esprima": {
      "version": "4.0.1",
      "resolved": "https://registry.npmjs.org/esprima/-/esprima-4.0.1.tgz",
      "integrity": "sha512-eGuFFw7Upda+g4p+QHvnW0RyTX/SVeJBDM/gCtMARO0cLuT2HcEKnTPvhjV6aGeqrCB/sbNop0Kszm0jsaWU4A==",
      "dev": true
    },
    "generate-schema": {
      "version": "2.6.0",
      "resolved": "https://registry.npmjs.org/generate-schema/-/generate-schema-2.6.0.tgz",
      "integrity": "sha512-EUBKfJNzT8f91xUk5X5gKtnbdejZeE065UAJ3BCzE8VEbvwKI9Pm5jaWmqVeK1MYc1g5weAVFDTSJzN7ymtTqA==",
      "dev": true,
      "requires": {
        "commander": "^2.9.0",
        "type-of-is": "^3.4.0"
      }
    },
    "js-yaml": {
      "version": "3.13.1",
      "resolved": "https://registry.npmjs.org/js-yaml/-/js-yaml-3.13.1.tgz",
      "integrity": "sha512-YfbcO7jXDdyj0DGxYVSlSeQNHbD7XPWvrVWeVUujrQEoZzWJIRrCPoyk6kL6IAjAG2IolMK4T0hNUe0HOUs5Jw==",
      "dev": true,
      "requires": {
        "argparse": "^1.0.7",
        "esprima": "^4.0.0"
      }
    },
    "nopt": {
      "version": "3.0.6",
      "resolved": "https://registry.npmjs.org/nopt/-/nopt-3.0.6.tgz",
      "integrity": "sha1-xkZdvwirzU2zWTF/eaxopkayj/k=",
      "dev": true,
      "requires": {
        "abbrev": "1"
      }
    },
    "sprintf-js": {
      "version": "1.0.3",
      "resolved": "https://registry.npmjs.org/sprintf-js/-/sprintf-js-1.0.3.tgz",
      "integrity": "sha1-BOaSb2YolTVPPdAVIDYzuFcpfiw=",
      "dev": true
    },
    "type-of-is": {
      "version": "3.5.1",
      "resolved": "https://registry.npmjs.org/type-of-is/-/type-of-is-3.5.1.tgz",
      "integrity": "sha1-7sL8ibgo2/mQDrZBbu4w9P4PzTE=",
      "dev": true
    },
    "uritemplate": {
      "version": "0.3.4",
      "resolved": "https://registry.npmjs.org/uritemplate/-/uritemplate-0.3.4.tgz",
      "integrity": "sha1-BdCoU/+8iw9Jqj1NKtd3sNHuBww=",
      "dev": true
    }
  }
}
